
Microsoft Visual Studio Solution File, Format Version 12.00
# Visual Studio Version 16
VisualStudioVersion = 16.0.35731.53
MinimumVisualStudioVersion = 10.0.40219.1
Project("{FAE04EC0-301F-11D3-BF4B-00C04F79EFBC}") = "alertas", "alertas.csproj", "{9E301E15-EA92-4725-ACE4-0593585F7F9F}"
EndProject
Global
	GlobalSection(SolutionConfigurationPlatforms) = preSolution
		Debug|Any CPU = Debug|Any CPU
		Debug|x64 = Debug|x64
		Release|Any CPU = Release|Any CPU
		Release|x64 = Release|x64
	EndGlobalSection
	GlobalSection(ProjectConfigurationPlatforms) = postSolution
		{9E301E15-EA92-4725-ACE4-0593585F7F9F}.Debug|Any CPU.ActiveCfg = Debug|Any CPU
		{9E301E15-EA92-4725-ACE4-0593585F7F9F}.Debug|Any CPU.Build.0 = Debug|Any CPU
		{9E301E15-EA92-4725-ACE4-0593585F7F9F}.Debug|x64.ActiveCfg = Debug|x64
		{9E301E15-EA92-4725-ACE4-0593585F7F9F}.Debug|x64.Build.0 = Debug|x64
		{9E301E15-EA92-4725-ACE4-0593585F7F9F}.Release|Any CPU.ActiveCfg = Release|Any CPU
		{9E301E15-EA92-4725-ACE4-0593585F7F9F}.Release|Any CPU.Build.0 = Release|Any CPU
		{9E301E15-EA92-4725-ACE4-0593585F7F9F}.Release|x64.ActiveCfg = Release|x64
		{9E301E15-EA92-4725-ACE4-0593585F7F9F}.Release|x64.Build.0 = Release|x64
	EndGlobalSection
	GlobalSection(SolutionProperties) = preSolution
		HideSolutionNode = FALSE
	EndGlobalSection
	GlobalSection(ExtensibilityGlobals) = postSolution
		SolutionGuid = {5B354513-3908-4C09-AA6A-E5C51A40622F}
	EndGlobalSection
EndGlobal
